
Microsoft Visual Studio Solution File, Format Version 12.00
# Visual Studio Version 17
VisualStudioVersion = 17.3.32819.101
MinimumVisualStudioVersion = 10.0.40219.1
Project("{8BC9CEB8-8B4A-11D0-8D11-00A0C91BC942}") = "in-one-weekend", "in-one-weekend\in-one-weekend.vcxproj", "{980D2B5F-3588-4147-9232-1DC52F6B438B}"
EndProject
Project("{8BC9CEB8-8B4A-11D0-8D11-00A0C91BC942}") = "the-next-week", "the-next-week\the-next-week.vcxproj", "{936AF9F6-F580-4D4E-9F5E-B0521D51D36A}"
EndProject
Global
	GlobalSection(SolutionConfigurationPlatforms) = preSolution
		Debug|x64 = Debug|x64
		Debug|x86 = Debug|x86
		Release|x64 = Release|x64
		Release|x86 = Release|x86
	EndGlobalSection
	GlobalSection(ProjectConfigurationPlatforms) = postSolution
		{980D2B5F-3588-4147-9232-1DC52F6B438B}.Debug|x64.ActiveCfg = Debug|x64
		{980D2B5F-3588-4147-9232-1DC52F6B438B}.Debug|x64.Build.0 = Debug|x64
		{980D2B5F-3588-4147-9232-1DC52F6B438B}.Debug|x86.ActiveCfg = Debug|Win32
		{980D2B5F-3588-4147-9232-1DC52F6B438B}.Debug|x86.Build.0 = Debug|Win32
		{980D2B5F-3588-4147-9232-1DC52F6B438B}.Release|x64.ActiveCfg = Release|x64
		{980D2B5F-3588-4147-9232-1DC52F6B438B}.Release|x64.Build.0 = Release|x64
		{980D2B5F-3588-4147-9232-1DC52F6B438B}.Release|x86.ActiveCfg = Release|Win32
		{980D2B5F-3588-4147-9232-1DC52F6B438B}.Release|x86.Build.0 = Release|Win32
		{936AF9F6-F580-4D4E-9F5E-B0521D51D36A}.Debug|x64.ActiveCfg = Debug|x64
		{936AF9F6-F580-4D4E-9F5E-B0521D51D36A}.Debug|x64.Build.0 = Debug|x64
		{936AF9F6-F580-4D4E-9F5E-B0521D51D36A}.Debug|x86.ActiveCfg = Debug|Win32
		{936AF9F6-F580-4D4E-9F5E-B0521D51D36A}.Debug|x86.Build.0 = Debug|Win32
		{936AF9F6-F580-4D4E-9F5E-B0521D51D36A}.Release|x64.ActiveCfg = Release|x64
		{936AF9F6-F580-4D4E-9F5E-B0521D51D36A}.Release|x64.Build.0 = Release|x64
		{936AF9F6-F580-4D4E-9F5E-B0521D51D36A}.Release|x86.ActiveCfg = Release|Win32
		{936AF9F6-F580-4D4E-9F5E-B0521D51D36A}.Release|x86.Build.0 = Release|Win32
	EndGlobalSection
	GlobalSection(SolutionProperties) = preSolution
		HideSolutionNode = FALSE
	EndGlobalSection
	GlobalSection(ExtensibilityGlobals) = postSolution
		SolutionGuid = {1FB2D89A-8A5D-4B8C-9D6A-8D59A1EDEA74}
	EndGlobalSection
EndGlobal
